
Microsoft Visual Studio Solution File, Format Version 12.00
# Visual Studio Version 17
VisualStudioVersion = 17.7.34221.43
MinimumVisualStudioVersion = 10.0.40219.1
Project("{9A19103F-16F7-4668-BE54-9A1E7A4F7556}") = "CarListApp", "CarListApp.csproj", "{67425D46-F038-4D18-BBA1-91EDE0E88DCE}"
EndProject
Project("{9A19103F-16F7-4668-BE54-9A1E7A4F7556}") = "CarListApp.Api", "..\CarListApp.Api\CarListApp.Api.csproj", "{4789A0C8-AD2E-43F2-8EFF-9E57DDEEEE68}"
EndProject
Global
	GlobalSection(SolutionConfigurationPlatforms) = preSolution
		Debug|Any CPU = Debug|Any CPU
		Release|Any CPU = Release|Any CPU
	EndGlobalSection
	GlobalSection(ProjectConfigurationPlatforms) = postSolution
		{67425D46-F038-4D18-BBA1-91EDE0E88DCE}.Debug|Any CPU.ActiveCfg = Debug|Any CPU
		{67425D46-F038-4D18-BBA1-91EDE0E88DCE}.Debug|Any CPU.Build.0 = Debug|Any CPU
		{67425D46-F038-4D18-BBA1-91EDE0E88DCE}.Debug|Any CPU.Deploy.0 = Debug|Any CPU
		{67425D46-F038-4D18-BBA1-91EDE0E88DCE}.Release|Any CPU.ActiveCfg = Release|Any CPU
		{67425D46-F038-4D18-BBA1-91EDE0E88DCE}.Release|Any CPU.Build.0 = Release|Any CPU
		{67425D46-F038-4D18-BBA1-91EDE0E88DCE}.Release|Any CPU.Deploy.0 = Release|Any CPU
		{4789A0C8-AD2E-43F2-8EFF-9E57DDEEEE68}.Debug|Any CPU.ActiveCfg = Debug|Any CPU
		{4789A0C8-AD2E-43F2-8EFF-9E57DDEEEE68}.Debug|Any CPU.Build.0 = Debug|Any CPU
		{4789A0C8-AD2E-43F2-8EFF-9E57DDEEEE68}.Release|Any CPU.ActiveCfg = Release|Any CPU
		{4789A0C8-AD2E-43F2-8EFF-9E57DDEEEE68}.Release|Any CPU.Build.0 = Release|Any CPU
	EndGlobalSection
	GlobalSection(SolutionProperties) = preSolution
		HideSolutionNode = FALSE
	EndGlobalSection
	GlobalSection(ExtensibilityGlobals) = postSolution
		SolutionGuid = {A7F7BB33-EE3B-4785-B720-DDAB90707393}
	EndGlobalSection
EndGlobal
